
Microsoft Visual Studio Solution File, Format Version 12.00
# Visual Studio Version 17
VisualStudioVersion = 17.14.36414.22 d17.14
MinimumVisualStudioVersion = 10.0.40219.1
Project("{FAE04EC0-301F-11D3-BF4B-00C04F79EFBC}") = "Planmei", "Planmei\Planmei.csproj", "{C435AE44-202B-4343-BB02-D00DC5466DB8}"
EndProject
Project("{FAE04EC0-301F-11D3-BF4B-00C04F79EFBC}") = "Planmei.Data", "Planmei.Data\Planmei.Data.csproj", "{EC5EBB2D-6A5A-4B3C-8064-96DB9837EAC9}"
EndProject
Global
	GlobalSection(SolutionConfigurationPlatforms) = preSolution
		Debug|Any CPU = Debug|Any CPU
		Release|Any CPU = Release|Any CPU
	EndGlobalSection
	GlobalSection(ProjectConfigurationPlatforms) = postSolution
		{C435AE44-202B-4343-BB02-D00DC5466DB8}.Debug|Any CPU.ActiveCfg = Debug|Any CPU
		{C435AE44-202B-4343-BB02-D00DC5466DB8}.Debug|Any CPU.Build.0 = Debug|Any CPU
		{C435AE44-202B-4343-BB02-D00DC5466DB8}.Release|Any CPU.ActiveCfg = Release|Any CPU
		{C435AE44-202B-4343-BB02-D00DC5466DB8}.Release|Any CPU.Build.0 = Release|Any CPU
		{EC5EBB2D-6A5A-4B3C-8064-96DB9837EAC9}.Debug|Any CPU.ActiveCfg = Debug|Any CPU
		{EC5EBB2D-6A5A-4B3C-8064-96DB9837EAC9}.Debug|Any CPU.Build.0 = Debug|Any CPU
		{EC5EBB2D-6A5A-4B3C-8064-96DB9837EAC9}.Release|Any CPU.ActiveCfg = Release|Any CPU
		{EC5EBB2D-6A5A-4B3C-8064-96DB9837EAC9}.Release|Any CPU.Build.0 = Release|Any CPU
	EndGlobalSection
	GlobalSection(SolutionProperties) = preSolution
		HideSolutionNode = FALSE
	EndGlobalSection
	GlobalSection(ExtensibilityGlobals) = postSolution
		SolutionGuid = {D8A084EC-7D32-4EDB-86DD-F1A8223849A8}
	EndGlobalSection
EndGlobal
